<?xml version="1.0" encoding="utf-8"?>
<Project ToolsVersion="4.0" xmlns="http://schemas.microsoft.com/developer/msbuild/2003">
  <ItemGroup>
    <ClCompile Include="..\..\Src\MotorOla\utils\Vector2D.cpp">
      <Filter>Utils</Filter>
    </ClCompile>
    <ClCompile Include="..\..\Src\MotorOla\Entidad.cpp">
      <Filter>Source Files</Filter>
    </ClCompile>
    <ClCompile Include="..\..\Src\MotorOla\EntidadManager.cpp">
      <Filter>Source Files</Filter>
    </ClCompile>
    <ClCompile Include="..\..\Src\MotorOla\FMODAudioManager.cpp">
      <Filter>Source Files</Filter>
    </ClCompile>
    <ClCompile Include="..\..\Src\MotorOla\InputManager.cpp">
      <Filter>Source Files</Filter>
    </ClCompile>
    <ClCompile Include="..\..\Src\MotorOla\Motor.cpp">
      <Filter>Source Files</Filter>
    </ClCompile>
    <ClCompile Include="..\..\Src\MotorOla\MotorOla_Project.cpp">
      <Filter>Source Files</Filter>
    </ClCompile>
    <ClCompile Include="..\..\Src\MotorOla\OgreManager.cpp">
      <Filter>Source Files</Filter>
    </ClCompile>
    <ClCompile Include="..\..\Src\MotorOla\Transform.cpp">
      <Filter>Source Files</Filter>
    </ClCompile>
    <ClCompile Include="..\..\Src\MotorOla\Mesh.cpp">
      <Filter>Source Files</Filter>
    </ClCompile>
    <ClCompile Include="..\..\Src\MotorOla\ComponenteFactoria.cpp" />
    <ClCompile Include="..\..\Src\MotorOla\LoadResources.cpp">
      <Filter>Source Files</Filter>
    </ClCompile>
    <ClCompile Include="..\..\Src\MotorOla\AudioSource.cpp">
      <Filter>Source Files</Filter>
    </ClCompile>
    <ClCompile Include="..\..\Src\MotorOla\PhysX\Render\Render.cpp">
      <Filter>testPhysX\Skeleton\Render</Filter>
    </ClCompile>
    <ClCompile Include="..\..\Src\MotorOla\PhysX\Render\Camera.cpp">
      <Filter>testPhysX\Skeleton\Render</Filter>
    </ClCompile>
    <ClCompile Include="..\..\Src\MotorOla\PhysX\callbacks.cpp">
      <Filter>testPhysX\Skeleton</Filter>
    </ClCompile>
    <ClCompile Include="..\..\Src\MotorOla\PhysX\RenderUtils.cpp">
      <Filter>testPhysX\Skeleton</Filter>
    </ClCompile>
    <ClCompile Include="..\..\Src\MotorOla\PhysX\mainPhysX.cpp">
      <Filter>testPhysX</Filter>
    </ClCompile>
  </ItemGroup>
  <ItemGroup>
    <ClInclude Include="..\..\Src\MotorOla\utils\Vector2D.h">
      <Filter>Utils</Filter>
    </ClInclude>
    <ClInclude Include="..\..\Src\MotorOla\utils\Singleton.h">
      <Filter>Utils</Filter>
    </ClInclude>
    <ClInclude Include="..\..\Src\MotorOla\AudioManager.h">
      <Filter>Header Files</Filter>
    </ClInclude>
    <ClInclude Include="..\..\Src\MotorOla\Componente.h">
      <Filter>Header Files</Filter>
    </ClInclude>
    <ClInclude Include="..\..\Src\MotorOla\ECS.h">
      <Filter>Header Files</Filter>
    </ClInclude>
    <ClInclude Include="..\..\Src\MotorOla\Entidad.h">
      <Filter>Header Files</Filter>
    </ClInclude>
    <ClInclude Include="..\..\Src\MotorOla\EntidadManager.h">
      <Filter>Header Files</Filter>
    </ClInclude>
    <ClInclude Include="..\..\Src\MotorOla\FMODAudioManager.h">
      <Filter>Header Files</Filter>
    </ClInclude>
    <ClInclude Include="..\..\Src\MotorOla\InputManager.h">
      <Filter>Header Files</Filter>
    </ClInclude>
    <ClInclude Include="..\..\Src\MotorOla\Motor.h">
      <Filter>Header Files</Filter>
    </ClInclude>
    <ClInclude Include="..\..\Src\MotorOla\OgreManager.h">
      <Filter>Header Files</Filter>
    </ClInclude>
    <ClInclude Include="..\..\Src\MotorOla\Transform.h">
      <Filter>Header Files</Filter>
    </ClInclude>
    <ClInclude Include="..\..\Src\MotorOla\Mesh.h">
      <Filter>Header Files</Filter>
    </ClInclude>
    <ClInclude Include="..\..\Src\MotorOla\ComponenteFactoria.h">
      <Filter>Header Files</Filter>
    </ClInclude>
    <ClInclude Include="..\..\Src\MotorOla\ComponenteRegistro.h">
      <Filter>Header Files</Filter>
    </ClInclude>
    <ClInclude Include="..\..\Src\MotorOla\LoadResources.h">
      <Filter>Header Files</Filter>
    </ClInclude>
    <ClInclude Include="..\..\Src\MotorOla\AudioSource.h">
      <Filter>Header Files</Filter>
    </ClInclude>
    <ClInclude Include="..\..\Src\MotorOla\PhysX\Utils\Utils.h">
      <Filter>testPhysX\Utils</Filter>
    </ClInclude>
    <ClInclude Include="..\..\Src\MotorOla\PhysX\Render\Render.h">
      <Filter>testPhysX\Skeleton\Render</Filter>
    </ClInclude>
    <ClInclude Include="..\..\Src\MotorOla\PhysX\Render\Camera.h">
      <Filter>testPhysX\Skeleton\Render</Filter>
    </ClInclude>
    <ClInclude Include="..\..\Src\MotorOla\PhysX\Graphics\glut.h">
      <Filter>testPhysX\Graphics</Filter>
    </ClInclude>
    <ClInclude Include="..\..\Src\MotorOla\PhysX\Common\Print.h">
      <Filter>testPhysX\Common</Filter>
    </ClInclude>
    <ClInclude Include="..\..\Src\MotorOla\PhysX\Common\PVD.h">
      <Filter>testPhysX\Common</Filter>
    </ClInclude>
    <ClInclude Include="..\..\Src\MotorOla\PhysX\RenderUtils.hpp">
      <Filter>testPhysX\Skeleton</Filter>
    </ClInclude>
    <ClInclude Include="..\..\Src\MotorOla\PhysX\callbacks.hpp">
      <Filter>testPhysX\Skeleton</Filter>
    </ClInclude>
    <ClInclude Include="..\..\Src\MotorOla\PhysX\core.hpp">
      <Filter>testPhysX\Skeleton</Filter>
    </ClInclude>
  </ItemGroup>
  <ItemGroup>
    <Filter Include="Header Files">
      <UniqueIdentifier>{80a05fec-7544-4098-9cbd-ce1819b41110}</UniqueIdentifier>
    </Filter>
    <Filter Include="Utils">
      <UniqueIdentifier>{4a9995c5-5b3f-4394-89c7-242f0e9c0ebb}</UniqueIdentifier>
    </Filter>
    <Filter Include="Source Files">
      <UniqueIdentifier>{ce6a659a-2325-471e-856d-53d97f474e9e}</UniqueIdentifier>
    </Filter>
    <Filter Include="testPhysX">
      <UniqueIdentifier>{aec544d5-b3e1-473a-92cc-f91629b955a6}</UniqueIdentifier>
    </Filter>
    <Filter Include="testPhysX\Utils">
      <UniqueIdentifier>{fbdbcfd8-264a-41e2-aa57-4473d964920f}</UniqueIdentifier>
    </Filter>
    <Filter Include="testPhysX\Graphics">
      <UniqueIdentifier>{515d7e2f-4c8c-4f9e-abee-ad32dde57985}</UniqueIdentifier>
    </Filter>
    <Filter Include="testPhysX\Common">
      <UniqueIdentifier>{37b3cfa6-4d72-435a-931d-6d8681d14633}</UniqueIdentifier>
    </Filter>
    <Filter Include="testPhysX\Skeleton">
      <UniqueIdentifier>{6e559409-6367-4f08-bbfd-aa67cb82a889}</UniqueIdentifier>
    </Filter>
    <Filter Include="testPhysX\Skeleton\Render">
      <UniqueIdentifier>{e122c320-fd39-4808-b4ac-9bd9c0fb7f42}</UniqueIdentifier>
    </Filter>
  </ItemGroup>
</Project>