<?xml version="1.0" encoding="utf-8"?>
<Project ToolsVersion="4.0" xmlns="http://schemas.microsoft.com/developer/msbuild/2003">
  <ItemGroup>
    <ClCompile Include="..\..\Src\MotorOla\InputManager.cpp" />
    <ClCompile Include="..\..\Src\MotorOla\FMODAudioManager.cpp" />
    <ClCompile Include="..\..\Src\MotorOla\Motor.cpp" />
    <ClCompile Include="..\..\Src\MotorOla\Entidad.cpp" />
    <ClCompile Include="..\..\Src\MotorOla\EntidadManager.cpp" />
    <ClCompile Include="..\..\Src\MotorOla\MotorOla_Project.cpp" />
    <ClCompile Include="..\..\Src\MotorOla\OgreManager.cpp" />
    <ClCompile Include="..\..\Src\MotorOla\Transform.cpp" />
    <ClCompile Include="..\..\Src\MotorOla\utils\Vector2D.cpp" />
  </ItemGroup>
  <ItemGroup>
    <ClInclude Include="..\..\Src\MotorOla\AudioManager.h" />
    <ClInclude Include="..\..\Src\MotorOla\Componente.h" />
    <ClInclude Include="..\..\Src\MotorOla\ECS.h" />
    <ClInclude Include="..\..\Src\MotorOla\Entidad.h" />
    <ClInclude Include="..\..\Src\MotorOla\EntidadManager.h" />
    <ClInclude Include="..\..\Src\MotorOla\InputManager.h" />
    <ClInclude Include="..\..\Src\MotorOla\OgreManager.h" />
    <ClInclude Include="..\..\Src\MotorOla\FMODAudioManager.h" />
    <ClInclude Include="..\..\Src\MotorOla\Transform.h" />
    <ClInclude Include="..\..\Src\MotorOla\utils\Singleton.h" />
    <ClInclude Include="..\..\Src\MotorOla\utils\Vector2D.h" />
    <ClInclude Include="..\..\Src\MotorOla\Motor.h" />
  </ItemGroup>
</Project>